// !$*UTF8*$!
{
	archiveVersion = 1;
	classes = {
	};
	objectVersion = 46;
	objects = {

/* Begin PBXBuildFile section */
		C9894A911D9ADCAD00D49D48 /* NativeScript.framework in Frameworks */ = {isa = PBXBuildFile; fileRef = C9894A901D9ADCAD00D49D48 /* NativeScript.framework */; };
		C9894A921D9ADCAD00D49D48 /* NativeScript.framework in Embed Frameworks */ = {isa = PBXBuildFile; fileRef = C9894A901D9ADCAD00D49D48 /* NativeScript.framework */; settings = {ATTRIBUTES = (CodeSignOnCopy, RemoveHeadersOnCopy, ); }; };
		E5C915BC1C3AA1D3005D77B8 /* main.m in Sources */ = {isa = PBXBuildFile; fileRef = E5C915BB1C3AA1D3005D77B8 /* main.m */; };
		E5C915BF1C3AA1D3005D77B8 /* AppDelegate.m in Sources */ = {isa = PBXBuildFile; fileRef = E5C915BE1C3AA1D3005D77B8 /* AppDelegate.m */; };
		E5C915C21C3AA1D3005D77B8 /* ViewController.m in Sources */ = {isa = PBXBuildFile; fileRef = E5C915C11C3AA1D3005D77B8 /* ViewController.m */; };
		E5C915C51C3AA1D3005D77B8 /* Main.storyboard in Resources */ = {isa = PBXBuildFile; fileRef = E5C915C31C3AA1D3005D77B8 /* Main.storyboard */; };
		E5C915C71C3AA1D3005D77B8 /* Assets.xcassets in Resources */ = {isa = PBXBuildFile; fileRef = E5C915C61C3AA1D3005D77B8 /* Assets.xcassets */; };
		E5C915CA1C3AA1D3005D77B8 /* LaunchScreen.storyboard in Resources */ = {isa = PBXBuildFile; fileRef = E5C915C81C3AA1D3005D77B8 /* LaunchScreen.storyboard */; };
/* End PBXBuildFile section */

/* Begin PBXCopyFilesBuildPhase section */
		C9894A931D9ADCAD00D49D48 /* Embed Frameworks */ = {
			isa = PBXCopyFilesBuildPhase;
			buildActionMask = 2147483647;
			dstPath = "";
			dstSubfolderSpec = 10;
			files = (
				C9894A921D9ADCAD00D49D48 /* NativeScript.framework in Embed Frameworks */,
			);
			name = "Embed Frameworks";
			runOnlyForDeploymentPostprocessing = 0;
		};
/* End PBXCopyFilesBuildPhase section */

/* Begin PBXFileReference section */
		C9894A901D9ADCAD00D49D48 /* NativeScript.framework */ = {isa = PBXFileReference; lastKnownFileType = wrapper.framework; name = NativeScript.framework; path = "node_modules/tns-ios/framework/internal/NativeScript.framework"; sourceTree = "<group>"; };
		E5C915B71C3AA1D3005D77B8 /* EmbeddedRuntime.app */ = {isa = PBXFileReference; explicitFileType = wrapper.application; includeInIndex = 0; path = EmbeddedRuntime.app; sourceTree = BUILT_PRODUCTS_DIR; };
		E5C915BB1C3AA1D3005D77B8 /* main.m */ = {isa = PBXFileReference; lastKnownFileType = sourcecode.c.objc; path = main.m; sourceTree = "<group>"; };
		E5C915BD1C3AA1D3005D77B8 /* AppDelegate.h */ = {isa = PBXFileReference; lastKnownFileType = sourcecode.c.h; path = AppDelegate.h; sourceTree = "<group>"; };
		E5C915BE1C3AA1D3005D77B8 /* AppDelegate.m */ = {isa = PBXFileReference; lastKnownFileType = sourcecode.c.objc; path = AppDelegate.m; sourceTree = "<group>"; };
		E5C915C01C3AA1D3005D77B8 /* ViewController.h */ = {isa = PBXFileReference; lastKnownFileType = sourcecode.c.h; path = ViewController.h; sourceTree = "<group>"; };
		E5C915C11C3AA1D3005D77B8 /* ViewController.m */ = {isa = PBXFileReference; lastKnownFileType = sourcecode.c.objc; path = ViewController.m; sourceTree = "<group>"; };
		E5C915C41C3AA1D3005D77B8 /* Base */ = {isa = PBXFileReference; lastKnownFileType = file.storyboard; name = Base; path = Base.lproj/Main.storyboard; sourceTree = "<group>"; };
		E5C915C61C3AA1D3005D77B8 /* Assets.xcassets */ = {isa = PBXFileReference; lastKnownFileType = folder.assetcatalog; path = Assets.xcassets; sourceTree = "<group>"; };
		E5C915C91C3AA1D3005D77B8 /* Base */ = {isa = PBXFileReference; lastKnownFileType = file.storyboard; name = Base; path = Base.lproj/LaunchScreen.storyboard; sourceTree = "<group>"; };
		E5C915CB1C3AA1D3005D77B8 /* Info.plist */ = {isa = PBXFileReference; lastKnownFileType = text.plist.xml; path = Info.plist; sourceTree = "<group>"; };
/* End PBXFileReference section */

/* Begin PBXFrameworksBuildPhase section */
		E5C915B41C3AA1D3005D77B8 /* Frameworks */ = {
			isa = PBXFrameworksBuildPhase;
			buildActionMask = 2147483647;
			files = (
				C9894A911D9ADCAD00D49D48 /* NativeScript.framework in Frameworks */,
			);
			runOnlyForDeploymentPostprocessing = 0;
		};
/* End PBXFrameworksBuildPhase section */

/* Begin PBXGroup section */
		E5C915AE1C3AA1D3005D77B8 = {
			isa = PBXGroup;
			children = (
				C9894A901D9ADCAD00D49D48 /* NativeScript.framework */,
				E5C915B91C3AA1D3005D77B8 /* EmbeddedRuntime */,
				E5C915B81C3AA1D3005D77B8 /* Products */,
			);
			sourceTree = "<group>";
		};
		E5C915B81C3AA1D3005D77B8 /* Products */ = {
			isa = PBXGroup;
			children = (
				E5C915B71C3AA1D3005D77B8 /* EmbeddedRuntime.app */,
			);
			name = Products;
			sourceTree = "<group>";
		};
		E5C915B91C3AA1D3005D77B8 /* EmbeddedRuntime */ = {
			isa = PBXGroup;
			children = (
				E5C915BD1C3AA1D3005D77B8 /* AppDelegate.h */,
				E5C915BE1C3AA1D3005D77B8 /* AppDelegate.m */,
				E5C915C01C3AA1D3005D77B8 /* ViewController.h */,
				E5C915C11C3AA1D3005D77B8 /* ViewController.m */,
				E5C915C31C3AA1D3005D77B8 /* Main.storyboard */,
				E5C915C61C3AA1D3005D77B8 /* Assets.xcassets */,
				E5C915C81C3AA1D3005D77B8 /* LaunchScreen.storyboard */,
				E5C915CB1C3AA1D3005D77B8 /* Info.plist */,
				E5C915BA1C3AA1D3005D77B8 /* Supporting Files */,
			);
			path = EmbeddedRuntime;
			sourceTree = "<group>";
		};
		E5C915BA1C3AA1D3005D77B8 /* Supporting Files */ = {
			isa = PBXGroup;
			children = (
				E5C915BB1C3AA1D3005D77B8 /* main.m */,
			);
			name = "Supporting Files";
			sourceTree = "<group>";
		};
/* End PBXGroup section */

/* Begin PBXNativeTarget section */
		E5C915B61C3AA1D3005D77B8 /* EmbeddedRuntime */ = {
			isa = PBXNativeTarget;
			buildConfigurationList = E5C915CE1C3AA1D3005D77B8 /* Build configuration list for PBXNativeTarget "EmbeddedRuntime" */;
			buildPhases = (
				E5C915D51C3AA2E4005D77B8 /* Generate NativeScript metadata */,
				E5C915B31C3AA1D3005D77B8 /* Sources */,
				E5C915B41C3AA1D3005D77B8 /* Frameworks */,
				E5C915B51C3AA1D3005D77B8 /* Resources */,
				C9894A931D9ADCAD00D49D48 /* Embed Frameworks */,
			);
			buildRules = (
			);
			dependencies = (
			);
			name = EmbeddedRuntime;
			productName = EmbeddedRuntime;
			productReference = E5C915B71C3AA1D3005D77B8 /* EmbeddedRuntime.app */;
			productType = "com.apple.product-type.application";
		};
/* End PBXNativeTarget section */

/* Begin PBXProject section */
		E5C915AF1C3AA1D3005D77B8 /* Project object */ = {
			isa = PBXProject;
			attributes = {
				LastUpgradeCheck = 0720;
				ORGANIZATIONNAME = NativeScript;
				TargetAttributes = {
					E5C915B61C3AA1D3005D77B8 = {
						CreatedOnToolsVersion = 7.2;
					};
				};
			};
			buildConfigurationList = E5C915B21C3AA1D3005D77B8 /* Build configuration list for PBXProject "EmbeddedRuntime" */;
			compatibilityVersion = "Xcode 3.2";
			developmentRegion = English;
			hasScannedForEncodings = 0;
			knownRegions = (
				en,
				Base,
			);
			mainGroup = E5C915AE1C3AA1D3005D77B8;
			productRefGroup = E5C915B81C3AA1D3005D77B8 /* Products */;
			projectDirPath = "";
			projectRoot = "";
			targets = (
				E5C915B61C3AA1D3005D77B8 /* EmbeddedRuntime */,
			);
		};
/* End PBXProject section */

/* Begin PBXResourcesBuildPhase section */
		E5C915B51C3AA1D3005D77B8 /* Resources */ = {
			isa = PBXResourcesBuildPhase;
			buildActionMask = 2147483647;
			files = (
				E5C915CA1C3AA1D3005D77B8 /* LaunchScreen.storyboard in Resources */,
				E5C915C71C3AA1D3005D77B8 /* Assets.xcassets in Resources */,
				E5C915C51C3AA1D3005D77B8 /* Main.storyboard in Resources */,
			);
			runOnlyForDeploymentPostprocessing = 0;
		};
/* End PBXResourcesBuildPhase section */

/* Begin PBXShellScriptBuildPhase section */
		E5C915D51C3AA2E4005D77B8 /* Generate NativeScript metadata */ = {
			isa = PBXShellScriptBuildPhase;
			buildActionMask = 2147483647;
			files = (
			);
			inputPaths = (
			);
			name = "Generate NativeScript metadata";
			outputPaths = (
			);
			runOnlyForDeploymentPostprocessing = 0;
			shellPath = /bin/sh;
			shellScript = "cd \"$PROJECT_DIR/node_modules/tns-ios/framework/internal/metadata-generator/bin\" && ./metadata-generation-build-step";
			showEnvVarsInLog = 0;
		};
/* End PBXShellScriptBuildPhase section */

/* Begin PBXSourcesBuildPhase section */
		E5C915B31C3AA1D3005D77B8 /* Sources */ = {
			isa = PBXSourcesBuildPhase;
			buildActionMask = 2147483647;
			files = (
				E5C915C21C3AA1D3005D77B8 /* ViewController.m in Sources */,
				E5C915BF1C3AA1D3005D77B8 /* AppDelegate.m in Sources */,
				E5C915BC1C3AA1D3005D77B8 /* main.m in Sources */,
			);
			runOnlyForDeploymentPostprocessing = 0;
		};
/* End PBXSourcesBuildPhase section */

/* Begin PBXVariantGroup section */
		E5C915C31C3AA1D3005D77B8 /* Main.storyboard */ = {
			isa = PBXVariantGroup;
			children = (
				E5C915C41C3AA1D3005D77B8 /* Base */,
			);
			name = Main.storyboard;
			sourceTree = "<group>";
		};
		E5C915C81C3AA1D3005D77B8 /* LaunchScreen.storyboard */ = {
			isa = PBXVariantGroup;
			children = (
				E5C915C91C3AA1D3005D77B8 /* Base */,
			);
			name = LaunchScreen.storyboard;
			sourceTree = "<group>";
		};
/* End PBXVariantGroup section */

/* Begin XCBuildConfiguration section */
		E5C915CC1C3AA1D3005D77B8 /* Debug */ = {
			isa = XCBuildConfiguration;
			buildSettings = {
				ALWAYS_SEARCH_USER_PATHS = NO;
				CLANG_CXX_LANGUAGE_STANDARD = "gnu++0x";
				CLANG_CXX_LIBRARY = "libc++";
				CLANG_ENABLE_MODULES = YES;
				CLANG_ENABLE_OBJC_ARC = YES;
				CLANG_WARN_BOOL_CONVERSION = YES;
				CLANG_WARN_CONSTANT_CONVERSION = YES;
				CLANG_WARN_DIRECT_OBJC_ISA_USAGE = YES_ERROR;
				CLANG_WARN_EMPTY_BODY = YES;
				CLANG_WARN_ENUM_CONVERSION = YES;
				CLANG_WARN_INT_CONVERSION = YES;
				CLANG_WARN_OBJC_ROOT_CLASS = YES_ERROR;
				CLANG_WARN_UNREACHABLE_CODE = YES;
				CLANG_WARN__DUPLICATE_METHOD_MATCH = YES;
				"CODE_SIGN_IDENTITY[sdk=iphoneos*]" = "iPhone Developer";
				COPY_PHASE_STRIP = NO;
				DEBUG_INFORMATION_FORMAT = dwarf;
				ENABLE_STRICT_OBJC_MSGSEND = YES;
				ENABLE_TESTABILITY = YES;
				GCC_C_LANGUAGE_STANDARD = gnu99;
				GCC_DYNAMIC_NO_PIC = NO;
				GCC_NO_COMMON_BLOCKS = YES;
				GCC_OPTIMIZATION_LEVEL = 0;
				GCC_PREPROCESSOR_DEFINITIONS = (
					"DEBUG=1",
					"$(inherited)",
				);
				GCC_WARN_64_TO_32_BIT_CONVERSION = YES;
				GCC_WARN_ABOUT_RETURN_TYPE = YES_ERROR;
				GCC_WARN_UNDECLARED_SELECTOR = YES;
				GCC_WARN_UNINITIALIZED_AUTOS = YES_AGGRESSIVE;
				GCC_WARN_UNUSED_FUNCTION = YES;
				GCC_WARN_UNUSED_VARIABLE = YES;
				IPHONEOS_DEPLOYMENT_TARGET = 9.2;
				MTL_ENABLE_DEBUG_INFO = YES;
				ONLY_ACTIVE_ARCH = YES;
				SDKROOT = iphoneos;
				TARGETED_DEVICE_FAMILY = "1,2";
			};
			name = Debug;
		};
		E5C915CD1C3AA1D3005D77B8 /* Release */ = {
			isa = XCBuildConfiguration;
			buildSettings = {
				ALWAYS_SEARCH_USER_PATHS = NO;
				CLANG_CXX_LANGUAGE_STANDARD = "gnu++0x";
				CLANG_CXX_LIBRARY = "libc++";
				CLANG_ENABLE_MODULES = YES;
				CLANG_ENABLE_OBJC_ARC = YES;
				CLANG_WARN_BOOL_CONVERSION = YES;
				CLANG_WARN_CONSTANT_CONVERSION = YES;
				CLANG_WARN_DIRECT_OBJC_ISA_USAGE = YES_ERROR;
				CLANG_WARN_EMPTY_BODY = YES;
				CLANG_WARN_ENUM_CONVERSION = YES;
				CLANG_WARN_INT_CONVERSION = YES;
				CLANG_WARN_OBJC_ROOT_CLASS = YES_ERROR;
				CLANG_WARN_UNREACHABLE_CODE = YES;
				CLANG_WARN__DUPLICATE_METHOD_MATCH = YES;
				"CODE_SIGN_IDENTITY[sdk=iphoneos*]" = "iPhone Developer";
				COPY_PHASE_STRIP = NO;
				DEBUG_INFORMATION_FORMAT = "dwarf-with-dsym";
				ENABLE_NS_ASSERTIONS = NO;
				ENABLE_STRICT_OBJC_MSGSEND = YES;
				GCC_C_LANGUAGE_STANDARD = gnu99;
				GCC_NO_COMMON_BLOCKS = YES;
				GCC_WARN_64_TO_32_BIT_CONVERSION = YES;
				GCC_WARN_ABOUT_RETURN_TYPE = YES_ERROR;
				GCC_WARN_UNDECLARED_SELECTOR = YES;
				GCC_WARN_UNINITIALIZED_AUTOS = YES_AGGRESSIVE;
				GCC_WARN_UNUSED_FUNCTION = YES;
				GCC_WARN_UNUSED_VARIABLE = YES;
				IPHONEOS_DEPLOYMENT_TARGET = 9.2;
				MTL_ENABLE_DEBUG_INFO = NO;
				SDKROOT = iphoneos;
				TARGETED_DEVICE_FAMILY = "1,2";
				VALIDATE_PRODUCT = YES;
			};
			name = Release;
		};
		E5C915CF1C3AA1D3005D77B8 /* Debug */ = {
			isa = XCBuildConfiguration;
			buildSettings = {
				ASSETCATALOG_COMPILER_APPICON_NAME = AppIcon;
				FRAMEWORK_SEARCH_PATHS = (
					"$(inherited)",
					"$(PROJECT_DIR)/node_modules/tns-ios/framework/internal",
				);
				INFOPLIST_FILE = EmbeddedRuntime/Info.plist;
				IPHONEOS_DEPLOYMENT_TARGET = 8.0;
				LD_RUNPATH_SEARCH_PATHS = "$(inherited) @executable_path/Frameworks";
				OTHER_LDFLAGS = (
					"-sectcreate",
					__DATA,
					__TNSMetadata,
					"\"$(CONFIGURATION_BUILD_DIR)/metadata-$(CURRENT_ARCH).bin\"",
				);
				PRODUCT_BUNDLE_IDENTIFIER = org.nativescript.EmbeddedRuntime;
				PRODUCT_NAME = "$(TARGET_NAME)";
			};
			name = Debug;
		};
		E5C915D01C3AA1D3005D77B8 /* Release */ = {
			isa = XCBuildConfiguration;
			buildSettings = {
				ASSETCATALOG_COMPILER_APPICON_NAME = AppIcon;
				FRAMEWORK_SEARCH_PATHS = (
					"$(inherited)",
					"$(PROJECT_DIR)/node_modules/tns-ios/framework/internal",
				);
				INFOPLIST_FILE = EmbeddedRuntime/Info.plist;
				IPHONEOS_DEPLOYMENT_TARGET = 8.0;
				LD_RUNPATH_SEARCH_PATHS = "$(inherited) @executable_path/Frameworks";
				OTHER_LDFLAGS = (
					"-sectcreate",
					__DATA,
					__TNSMetadata,
					"\"$(CONFIGURATION_BUILD_DIR)/metadata-$(CURRENT_ARCH).bin\"",
				);
				PRODUCT_BUNDLE_IDENTIFIER = org.nativescript.EmbeddedRuntime;
				PRODUCT_NAME = "$(TARGET_NAME)";
			};
			name = Release;
		};
/* End XCBuildConfiguration section */

/* Begin XCConfigurationList section */
		E5C915B21C3AA1D3005D77B8 /* Build configuration list for PBXProject "EmbeddedRuntime" */ = {
			isa = XCConfigurationList;
			buildConfigurations = (
				E5C915CC1C3AA1D3005D77B8 /* Debug */,
				E5C915CD1C3AA1D3005D77B8 /* Release */,
			);
			defaultConfigurationIsVisible = 0;
			defaultConfigurationName = Release;
		};
		E5C915CE1C3AA1D3005D77B8 /* Build configuration list for PBXNativeTarget "EmbeddedRuntime" */ = {
			isa = XCConfigurationList;
			buildConfigurations = (
				E5C915CF1C3AA1D3005D77B8 /* Debug */,
				E5C915D01C3AA1D3005D77B8 /* Release */,
			);
			defaultConfigurationIsVisible = 0;
			defaultConfigurationName = Release;
		};
/* End XCConfigurationList section */
	};
	rootObject = E5C915AF1C3AA1D3005D77B8 /* Project object */;
}
